{
  "nodes": {
    "nixpkgs": {
      "locked": {
        "lastModified": 1712696601,
        "narHash": "sha256-puFPFSa/RC83JilUgB48/VL387eu2QN066Jv6X971LY=",
        "owner": "NixOS",
        "repo": "nixpkgs",
        "rev": "062fc6cf99d809921ecef47317752fc92468e6ae",
        "type": "github"
      },
      "original": {
        "owner": "NixOS",
        "ref": "nixpkgs-unstable",
        "repo": "nixpkgs",
        "type": "github"
      }
    },
    "nixpkgs-stable": {
      "locked": {
        "lastModified": 1712437997,
        "narHash": "sha256-g0whLLwRvgO2FsyhY8fNk+TWenS3jg5UdlWL4uqgFeo=",
        "owner": "NixOS",
        "repo": "nixpkgs",
        "rev": "e38d7cb66ea4f7a0eb6681920615dfcc30fc2920",
        "type": "github"
      },
      "original": {
        "owner": "NixOS",
        "ref": "release-23.11",
        "repo": "nixpkgs",
        "type": "github"
      }
    },
    "nixpkgs_2": {
      "locked": {
        "lastModified": 1712420723,
        "narHash": "sha256-VnG0Eu394Ga2FCe8Q66m6OEQF8iAqjDYsjmtl+N2omk=",
        "owner": "NixOS",
        "repo": "nixpkgs",
        "rev": "9e7f26f82acb057498335362905fde6fea4ca50a",
        "type": "github"
      },
      "original": {
        "owner": "NixOS",
        "ref": "nixpkgs-unstable",
        "repo": "nixpkgs",
        "type": "github"
      }
    },
    "root": {
      "inputs": {
        "nixpkgs": "nixpkgs",
        "sops-nix": "sops-nix"
      }
    },
    "sops-nix": {
      "inputs": {
        "nixpkgs": "nixpkgs_2",
        "nixpkgs-stable": "nixpkgs-stable"
      },
      "locked": {
        "lastModified": 1712617241,
        "narHash": "sha256-a4hbls4vlLRMciv62YrYT/Xs/3Cubce8WFHPUDWwzf8=",
        "owner": "Mic92",
        "repo": "sops-nix",
        "rev": "538c114cfdf1f0458f507087b1dcf018ce1c0c4c",
        "type": "github"
      },
      "original": {
        "owner": "Mic92",
        "repo": "sops-nix",
        "type": "github"
      }
    }
  },
  "root": "root",
  "version": 7
}
